
Microsoft Visual Studio Solution File, Format Version 12.00
# Visual Studio Version 16
VisualStudioVersion = 16.0.31205.134
MinimumVisualStudioVersion = 10.0.40219.1
Project("{9A19103F-16F7-4668-BE54-9A1E7A4F7556}") = "Cw3", "Cw3.csproj", "{FAD55803-CB63-460E-A34E-9DA4851CDC1A}"
EndProject
Global
	GlobalSection(SolutionConfigurationPlatforms) = preSolution
		Debug|Any CPU = Debug|Any CPU
		Release|Any CPU = Release|Any CPU
	EndGlobalSection
	GlobalSection(ProjectConfigurationPlatforms) = postSolution
		{FAD55803-CB63-460E-A34E-9DA4851CDC1A}.Debug|Any CPU.ActiveCfg = Debug|Any CPU
		{FAD55803-CB63-460E-A34E-9DA4851CDC1A}.Debug|Any CPU.Build.0 = Debug|Any CPU
		{FAD55803-CB63-460E-A34E-9DA4851CDC1A}.Release|Any CPU.ActiveCfg = Release|Any CPU
		{FAD55803-CB63-460E-A34E-9DA4851CDC1A}.Release|Any CPU.Build.0 = Release|Any CPU
	EndGlobalSection
	GlobalSection(SolutionProperties) = preSolution
		HideSolutionNode = FALSE
	EndGlobalSection
	GlobalSection(ExtensibilityGlobals) = postSolution
		SolutionGuid = {42E97239-55DE-4080-9D04-FA4833348D78}
	EndGlobalSection
EndGlobal
